<?xml version="1.0" encoding="utf-8"?>
<Project ToolsVersion="4.0" xmlns="http://schemas.microsoft.com/developer/msbuild/2003">
  <ItemGroup>
    <Filter Include="File di origine">
      <UniqueIdentifier>{4FC737F1-C7A5-4376-A066-2A32D752A2FF}</UniqueIdentifier>
      <Extensions>cpp;c;cc;cxx;c++;cppm;ixx;def;odl;idl;hpj;bat;asm;asmx</Extensions>
    </Filter>
    <Filter Include="File di intestazione">
      <UniqueIdentifier>{93995380-89BD-4b04-88EB-625FBE52EBFB}</UniqueIdentifier>
      <Extensions>h;hh;hpp;hxx;h++;hm;inl;inc;ipp;xsd</Extensions>
    </Filter>
    <Filter Include="File di risorse">
      <UniqueIdentifier>{67DA6AB6-F800-4c08-8B7A-83BB121AAD01}</UniqueIdentifier>
      <Extensions>rc;ico;cur;bmp;dlg;rc2;rct;bin;rgs;gif;jpg;jpeg;jpe;resx;tiff;tif;png;wav;mfcribbon-ms</Extensions>
    </Filter>
    <Filter Include="File di intestazione\imgui">
      <UniqueIdentifier>{2732e98d-84d9-4b12-9bcc-eb42c8c85a7b}</UniqueIdentifier>
    </Filter>
    <Filter Include="File di origine\imgui">
      <UniqueIdentifier>{d8f900f2-056b-47d0-a10a-626bdc4e5974}</UniqueIdentifier>
    </Filter>
  </ItemGroup>
  <ItemGroup>
    <ClCompile Include="..\..\..\..\..\..\Users\mpagg\Downloads\glad_latest\src\glad.c">
      <Filter>File di origine</Filter>
    </ClCompile>
    <ClCompile Include="main.cpp">
      <Filter>File di origine</Filter>
    </ClCompile>
    <ClCompile Include="shaderHandler.cpp">
      <Filter>File di origine</Filter>
    </ClCompile>
    <ClCompile Include="cameraHandler.cpp">
      <Filter>File di origine</Filter>
    </ClCompile>
    <ClCompile Include="interactionHandler.cpp">
      <Filter>File di origine</Filter>
    </ClCompile>
    <ClCompile Include="geometryHandler.cpp">
      <Filter>File di origine</Filter>
    </ClCompile>
    <ClCompile Include="bufferHandler.cpp">
      <Filter>File di origine</Filter>
    </ClCompile>
    <ClCompile Include="noiseHandler.cpp">
      <Filter>File di origine</Filter>
    </ClCompile>
    <ClCompile Include="imgui\imgui.cpp">
      <Filter>File di origine\imgui</Filter>
    </ClCompile>
    <ClCompile Include="imgui\imgui_demo.cpp">
      <Filter>File di origine\imgui</Filter>
    </ClCompile>
    <ClCompile Include="imgui\imgui_draw.cpp">
      <Filter>File di origine\imgui</Filter>
    </ClCompile>
    <ClCompile Include="imgui\imgui_impl_glfw.cpp">
      <Filter>File di origine\imgui</Filter>
    </ClCompile>
    <ClCompile Include="imgui\imgui_impl_opengl3.cpp">
      <Filter>File di origine\imgui</Filter>
    </ClCompile>
    <ClCompile Include="imgui\imgui_tables.cpp">
      <Filter>File di origine\imgui</Filter>
    </ClCompile>
    <ClCompile Include="imgui\imgui_widgets.cpp">
      <Filter>File di origine\imgui</Filter>
    </ClCompile>
    <ClCompile Include="guiHandler.cpp">
      <Filter>File di origine</Filter>
    </ClCompile>
    <ClCompile Include="utilities.cpp">
      <Filter>File di origine</Filter>
    </ClCompile>
    <ClCompile Include="textureHandler.cpp">
      <Filter>File di origine</Filter>
    </ClCompile>
    <ClCompile Include="modelLoader.cpp">
      <Filter>File di origine</Filter>
    </ClCompile>
  </ItemGroup>
  <ItemGroup>
    <None Include="packages.config" />
    <None Include="assimp-vc142-mt.dll" />
    <None Include="assimp-vc142-mtd.dll" />
    <None Include="fragment_model.glsl" />
    <None Include="fragment_skybox.glsl" />
    <None Include="vertex_model.glsl" />
    <None Include="vertex_skybox.glsl" />
    <None Include="fragment_terrain.glsl" />
    <None Include="geometry_terrain.glsl" />
    <None Include="tess_control_terrain.glsl" />
    <None Include="tess_eval_terrain.glsl" />
    <None Include="vertex_terrain.glsl" />
    <None Include="fragment_houses.glsl" />
    <None Include="geometry_houses.glsl" />
    <None Include="tess_control_houses.glsl" />
    <None Include="tess_eval_houses.glsl" />
    <None Include="vertex_houses.glsl" />
    <None Include="fragment_roofs.glsl" />
    <None Include="geometry_roofs.glsl" />
    <None Include="tess_control_roofs.glsl" />
    <None Include="tess_eval_roofs.glsl" />
    <None Include="vertex_roofs.glsl" />
    <None Include="vertex_lamps.glsl" />
    <None Include="tess_control_lamps.glsl" />
    <None Include="tess_eval_lamps.glsl" />
    <None Include="geometry_lamps.glsl" />
    <None Include="fragment_lamps.glsl" />
    <None Include="fragment_sphere.glsl" />
    <None Include="geometry_sphere.glsl" />
    <None Include="tess_control_sphere.glsl" />
    <None Include="tess_eval_sphere.glsl" />
    <None Include="vertex_sphere.glsl" />
  </ItemGroup>
  <ItemGroup>
    <ClInclude Include="strutture.h">
      <Filter>File di intestazione</Filter>
    </ClInclude>
    <ClInclude Include="lib.h">
      <Filter>File di intestazione</Filter>
    </ClInclude>
    <ClInclude Include="shaderHandler.h">
      <Filter>File di intestazione</Filter>
    </ClInclude>
    <ClInclude Include="cameraHandler.h">
      <Filter>File di intestazione</Filter>
    </ClInclude>
    <ClInclude Include="interactionHandler.h">
      <Filter>File di intestazione</Filter>
    </ClInclude>
    <ClInclude Include="geometryHandler.h">
      <Filter>File di intestazione</Filter>
    </ClInclude>
    <ClInclude Include="bufferHandler.h">
      <Filter>File di intestazione</Filter>
    </ClInclude>
    <ClInclude Include="noiseHandler.h">
      <Filter>File di intestazione</Filter>
    </ClInclude>
    <ClInclude Include="imgui\imconfig.h">
      <Filter>File di intestazione\imgui</Filter>
    </ClInclude>
    <ClInclude Include="imgui\imgui.h">
      <Filter>File di intestazione\imgui</Filter>
    </ClInclude>
    <ClInclude Include="imgui\imgui_impl_glfw.h">
      <Filter>File di intestazione\imgui</Filter>
    </ClInclude>
    <ClInclude Include="imgui\imgui_impl_opengl3.h">
      <Filter>File di intestazione\imgui</Filter>
    </ClInclude>
    <ClInclude Include="imgui\imgui_impl_opengl3_loader.h">
      <Filter>File di intestazione\imgui</Filter>
    </ClInclude>
    <ClInclude Include="imgui\imgui_internal.h">
      <Filter>File di intestazione\imgui</Filter>
    </ClInclude>
    <ClInclude Include="imgui\imstb_rectpack.h">
      <Filter>File di intestazione\imgui</Filter>
    </ClInclude>
    <ClInclude Include="imgui\imstb_textedit.h">
      <Filter>File di intestazione\imgui</Filter>
    </ClInclude>
    <ClInclude Include="imgui\imstb_truetype.h">
      <Filter>File di intestazione\imgui</Filter>
    </ClInclude>
    <ClInclude Include="guiHandler.h">
      <Filter>File di intestazione</Filter>
    </ClInclude>
    <ClInclude Include="utilities.h">
      <Filter>File di intestazione</Filter>
    </ClInclude>
    <ClInclude Include="stb_image.h">
      <Filter>File di intestazione</Filter>
    </ClInclude>
    <ClInclude Include="textureHandler.h">
      <Filter>File di intestazione</Filter>
    </ClInclude>
    <ClInclude Include="modelLoader.h">
      <Filter>File di intestazione</Filter>
    </ClInclude>
  </ItemGroup>
  <ItemGroup>
    <Image Include="Texture\snowNormal.png">
      <Filter>File di risorse</Filter>
    </Image>
    <Image Include="Texture\groundColor.png">
      <Filter>File di risorse</Filter>
    </Image>
    <Image Include="Texture\groundNormal.png">
      <Filter>File di risorse</Filter>
    </Image>
    <Image Include="Texture\rockColor.png">
      <Filter>File di risorse</Filter>
    </Image>
    <Image Include="Texture\rockNormal.png">
      <Filter>File di risorse</Filter>
    </Image>
    <Image Include="Texture\sandColor.png">
      <Filter>File di risorse</Filter>
    </Image>
    <Image Include="Texture\sandNormal.png">
      <Filter>File di risorse</Filter>
    </Image>
    <Image Include="Texture\snowColor.png">
      <Filter>File di risorse</Filter>
    </Image>
  </ItemGroup>
</Project>